
Microsoft Visual Studio Solution File, Format Version 12.00
# Visual Studio Version 16
VisualStudioVersion = 16.0.30204.135
MinimumVisualStudioVersion = 10.0.40219.1
Project("{FAE04EC0-301F-11D3-BF4B-00C04F79EFBC}") = "ParamsChannelsEnterprise", "ParamsChannelsEnterprise\ParamsChannelsEnterprise.csproj", "{F53B0FD4-555C-447C-BF35-DE5B0C9F724F}"
EndProject
Global
	GlobalSection(SolutionConfigurationPlatforms) = preSolution
		Debug|Any CPU = Debug|Any CPU
		Release|Any CPU = Release|Any CPU
	EndGlobalSection
	GlobalSection(ProjectConfigurationPlatforms) = postSolution
		{F53B0FD4-555C-447C-BF35-DE5B0C9F724F}.Debug|Any CPU.ActiveCfg = Debug|Any CPU
		{F53B0FD4-555C-447C-BF35-DE5B0C9F724F}.Debug|Any CPU.Build.0 = Debug|Any CPU
		{F53B0FD4-555C-447C-BF35-DE5B0C9F724F}.Release|Any CPU.ActiveCfg = Release|Any CPU
		{F53B0FD4-555C-447C-BF35-DE5B0C9F724F}.Release|Any CPU.Build.0 = Release|Any CPU
	EndGlobalSection
	GlobalSection(SolutionProperties) = preSolution
		HideSolutionNode = FALSE
	EndGlobalSection
	GlobalSection(ExtensibilityGlobals) = postSolution
		SolutionGuid = {BF947285-5CA6-4F9A-90F9-BE11E91B5B21}
	EndGlobalSection
EndGlobal
